
Microsoft Visual Studio Solution File, Format Version 12.00
# Visual Studio Version 16
VisualStudioVersion = 16.0.31410.357
MinimumVisualStudioVersion = 10.0.40219.1
Project("{FAE04EC0-301F-11D3-BF4B-00C04F79EFBC}") = "Online Store - Final Project", "Online Store - Final Project\Online Store - Final Project.csproj", "{53262C6D-8E06-4CD7-A900-3F55C695502D}"
EndProject
Global
	GlobalSection(SolutionConfigurationPlatforms) = preSolution
		Debug|Any CPU = Debug|Any CPU
		Release|Any CPU = Release|Any CPU
	EndGlobalSection
	GlobalSection(ProjectConfigurationPlatforms) = postSolution
		{53262C6D-8E06-4CD7-A900-3F55C695502D}.Debug|Any CPU.ActiveCfg = Debug|Any CPU
		{53262C6D-8E06-4CD7-A900-3F55C695502D}.Debug|Any CPU.Build.0 = Debug|Any CPU
		{53262C6D-8E06-4CD7-A900-3F55C695502D}.Release|Any CPU.ActiveCfg = Release|Any CPU
		{53262C6D-8E06-4CD7-A900-3F55C695502D}.Release|Any CPU.Build.0 = Release|Any CPU
	EndGlobalSection
	GlobalSection(SolutionProperties) = preSolution
		HideSolutionNode = FALSE
	EndGlobalSection
	GlobalSection(ExtensibilityGlobals) = postSolution
		SolutionGuid = {DD237DA2-4515-40DE-BB01-18C2849F0D07}
	EndGlobalSection
EndGlobal
